// !$*UTF8*$!
{
	archiveVersion = 1;
	classes = {
	};
	objectVersion = 46;
	objects = {

/* Begin PBXBuildFile section */
		D62AD00C1ED828C7009FF226 /* env.cpp in Sources */ = {isa = PBXBuildFile; fileRef = D62AD00A1ED828C7009FF226 /* env.cpp */; };
		D62AD00D1ED828C7009FF226 /* env.h in Headers */ = {isa = PBXBuildFile; fileRef = D62AD00B1ED828C7009FF226 /* env.h */; };
		D645EE211EDEAA260082A84F /* string_macos.h in Headers */ = {isa = PBXBuildFile; fileRef = D645EE1F1EDEAA260082A84F /* string_macos.h */; };
		D645EE241EDEAB2A0082A84F /* string_macos.mm in Sources */ = {isa = PBXBuildFile; fileRef = D645EE231EDEAB2A0082A84F /* string_macos.mm */; };
		D645EE251EDEAFD90082A84F /* string_macos.cpp in Sources */ = {isa = PBXBuildFile; fileRef = D645EE1E1EDEAA260082A84F /* string_macos.cpp */; };
		D65E83681ECEE43D00705DB0 /* print.cpp in Sources */ = {isa = PBXBuildFile; fileRef = D65E83661ECEE43D00705DB0 /* print.cpp */; };
		D65E83691ECEE43D00705DB0 /* print.h in Headers */ = {isa = PBXBuildFile; fileRef = D65E83671ECEE43D00705DB0 /* print.h */; };
		D65E836D1ECEE66D00705DB0 /* format.cpp in Sources */ = {isa = PBXBuildFile; fileRef = D65E836B1ECEE66D00705DB0 /* format.cpp */; };
		D65E836E1ECEE66D00705DB0 /* format.h in Headers */ = {isa = PBXBuildFile; fileRef = D65E836C1ECEE66D00705DB0 /* format.h */; };
		D65E83721ECEEA2E00705DB0 /* fatal.cpp in Sources */ = {isa = PBXBuildFile; fileRef = D65E83701ECEEA2E00705DB0 /* fatal.cpp */; };
		D65E83731ECEEA2E00705DB0 /* fatal.h in Headers */ = {isa = PBXBuildFile; fileRef = D65E83711ECEEA2E00705DB0 /* fatal.h */; };
		D65E83761ECEEADE00705DB0 /* assert.cpp in Sources */ = {isa = PBXBuildFile; fileRef = D65E83741ECEEADE00705DB0 /* assert.cpp */; };
		D65E83771ECEEADE00705DB0 /* assert.h in Headers */ = {isa = PBXBuildFile; fileRef = D65E83751ECEEADE00705DB0 /* assert.h */; };
		D65E837C1ECEF1CB00705DB0 /* error.h in Headers */ = {isa = PBXBuildFile; fileRef = D65E837A1ECEF1CB00705DB0 /* error.h */; };
		D65E83821ECEF63C00705DB0 /* posix_error.cpp in Sources */ = {isa = PBXBuildFile; fileRef = D65E83801ECEF63C00705DB0 /* posix_error.cpp */; };
		D65E83831ECEF63C00705DB0 /* posix_error.h in Headers */ = {isa = PBXBuildFile; fileRef = D65E83811ECEF63C00705DB0 /* posix_error.h */; };
		D65E83871ECEFB5600705DB0 /* generic_error.cpp in Sources */ = {isa = PBXBuildFile; fileRef = D65E83851ECEFB5600705DB0 /* generic_error.cpp */; };
		D65E83881ECEFB5600705DB0 /* generic_error.h in Headers */ = {isa = PBXBuildFile; fileRef = D65E83861ECEFB5600705DB0 /* generic_error.h */; };
		D65E838B1ECEFCD700705DB0 /* data.cpp in Sources */ = {isa = PBXBuildFile; fileRef = D65E83891ECEFCD700705DB0 /* data.cpp */; };
		D65E838C1ECEFCD700705DB0 /* data.h in Headers */ = {isa = PBXBuildFile; fileRef = D65E838A1ECEFCD700705DB0 /* data.h */; };
		D65E83911ED012BB00705DB0 /* optional.h in Headers */ = {isa = PBXBuildFile; fileRef = D65E838F1ED012BB00705DB0 /* optional.h */; };
		D65E83941ED0133500705DB0 /* none.cpp in Sources */ = {isa = PBXBuildFile; fileRef = D65E83921ED0133500705DB0 /* none.cpp */; };
		D65E83951ED0133500705DB0 /* none.h in Headers */ = {isa = PBXBuildFile; fileRef = D65E83931ED0133500705DB0 /* none.h */; };
		D65E83981ED015C100705DB0 /* string_function.cpp in Sources */ = {isa = PBXBuildFile; fileRef = D65E83961ED015C100705DB0 /* string_function.cpp */; };
		D65E83991ED015C100705DB0 /* string_function.h in Headers */ = {isa = PBXBuildFile; fileRef = D65E83971ED015C100705DB0 /* string_function.h */; };
		D65E839C1ED2788200705DB0 /* result.cpp in Sources */ = {isa = PBXBuildFile; fileRef = D65E839A1ED2788200705DB0 /* result.cpp */; };
		D65E839D1ED2788200705DB0 /* result.h in Headers */ = {isa = PBXBuildFile; fileRef = D65E839B1ED2788200705DB0 /* result.h */; };
		D65E83A11ED27F4E00705DB0 /* file_path.cpp in Sources */ = {isa = PBXBuildFile; fileRef = D65E839F1ED27F4E00705DB0 /* file_path.cpp */; };
		D65E83A21ED27F4E00705DB0 /* file_path.h in Headers */ = {isa = PBXBuildFile; fileRef = D65E83A01ED27F4E00705DB0 /* file_path.h */; };
		D65E83A51ED28FC800705DB0 /* defer.cpp in Sources */ = {isa = PBXBuildFile; fileRef = D65E83A31ED28FC800705DB0 /* defer.cpp */; };
		D65E83A61ED28FC800705DB0 /* defer.h in Headers */ = {isa = PBXBuildFile; fileRef = D65E83A41ED28FC800705DB0 /* defer.h */; };
		D6695F571ED5417C0009FF3B /* string_windows.cpp in Sources */ = {isa = PBXBuildFile; fileRef = D6695F551ED5417C0009FF3B /* string_windows.cpp */; };
		D6695F581ED5417C0009FF3B /* string_windows.h in Headers */ = {isa = PBXBuildFile; fileRef = D6695F561ED5417C0009FF3B /* string_windows.h */; };
		D6695F5C1ED6CE8E0009FF3B /* win32_error.cpp in Sources */ = {isa = PBXBuildFile; fileRef = D6695F591ED6CE8E0009FF3B /* win32_error.cpp */; };
		D6695F5D1ED6CE8E0009FF3B /* win32_error.h in Headers */ = {isa = PBXBuildFile; fileRef = D6695F5A1ED6CE8E0009FF3B /* win32_error.h */; };
		D6695F5E1ED6CE8E0009FF3B /* windows_dependency.h in Headers */ = {isa = PBXBuildFile; fileRef = D6695F5B1ED6CE8E0009FF3B /* windows_dependency.h */; };
		D6E5AF261ED427E600718686 /* file_stream.cpp in Sources */ = {isa = PBXBuildFile; fileRef = D6E5AF241ED427E600718686 /* file_stream.cpp */; };
		D6E5AF271ED427E600718686 /* file_stream.h in Headers */ = {isa = PBXBuildFile; fileRef = D6E5AF251ED427E600718686 /* file_stream.h */; };
/* End PBXBuildFile section */

/* Begin PBXFileReference section */
		D62AD00A1ED828C7009FF226 /* env.cpp */ = {isa = PBXFileReference; fileEncoding = 4; lastKnownFileType = sourcecode.cpp.cpp; path = env.cpp; sourceTree = "<group>"; };
		D62AD00B1ED828C7009FF226 /* env.h */ = {isa = PBXFileReference; fileEncoding = 4; lastKnownFileType = sourcecode.c.h; path = env.h; sourceTree = "<group>"; };
		D634F7481EE173CB00F8EFBD /* equatable_macro.h */ = {isa = PBXFileReference; lastKnownFileType = sourcecode.c.h; path = equatable_macro.h; sourceTree = "<group>"; };
		D634F7491EE1752E00F8EFBD /* comparable_macro.h */ = {isa = PBXFileReference; lastKnownFileType = sourcecode.c.h; path = comparable_macro.h; sourceTree = "<group>"; };
		D634F74A1EE6418300F8EFBD /* range.h */ = {isa = PBXFileReference; lastKnownFileType = sourcecode.c.h; path = range.h; sourceTree = "<group>"; };
		D634F74B1EE6420000F8EFBD /* range_inline.h */ = {isa = PBXFileReference; lastKnownFileType = sourcecode.c.h; path = range_inline.h; sourceTree = "<group>"; };
		D645EE1E1EDEAA260082A84F /* string_macos.cpp */ = {isa = PBXFileReference; fileEncoding = 4; lastKnownFileType = sourcecode.cpp.cpp; path = string_macos.cpp; sourceTree = "<group>"; };
		D645EE1F1EDEAA260082A84F /* string_macos.h */ = {isa = PBXFileReference; fileEncoding = 4; lastKnownFileType = sourcecode.c.h; path = string_macos.h; sourceTree = "<group>"; };
		D645EE221EDEAA950082A84F /* macos_dependency.h */ = {isa = PBXFileReference; lastKnownFileType = sourcecode.c.h; path = macos_dependency.h; sourceTree = "<group>"; };
		D645EE231EDEAB2A0082A84F /* string_macos.mm */ = {isa = PBXFileReference; fileEncoding = 4; lastKnownFileType = sourcecode.cpp.objcpp; path = string_macos.mm; sourceTree = "<group>"; };
		D65E83551ECEE11300705DB0 /* librhetoric.a */ = {isa = PBXFileReference; explicitFileType = archive.ar; includeInIndex = 0; path = librhetoric.a; sourceTree = BUILT_PRODUCTS_DIR; };
		D65E83641ECEE3C800705DB0 /* std_dependency.h */ = {isa = PBXFileReference; lastKnownFileType = sourcecode.c.h; path = std_dependency.h; sourceTree = "<group>"; };
		D65E83651ECEE3FB00705DB0 /* platform.h */ = {isa = PBXFileReference; lastKnownFileType = sourcecode.c.h; path = platform.h; sourceTree = "<group>"; };
		D65E83661ECEE43D00705DB0 /* print.cpp */ = {isa = PBXFileReference; fileEncoding = 4; lastKnownFileType = sourcecode.cpp.cpp; path = print.cpp; sourceTree = "<group>"; };
		D65E83671ECEE43D00705DB0 /* print.h */ = {isa = PBXFileReference; fileEncoding = 4; lastKnownFileType = sourcecode.c.h; path = print.h; sourceTree = "<group>"; };
		D65E836A1ECEE4A700705DB0 /* rhetoric.h */ = {isa = PBXFileReference; lastKnownFileType = sourcecode.c.h; path = rhetoric.h; sourceTree = "<group>"; };
		D65E836B1ECEE66D00705DB0 /* format.cpp */ = {isa = PBXFileReference; fileEncoding = 4; lastKnownFileType = sourcecode.cpp.cpp; path = format.cpp; sourceTree = "<group>"; };
		D65E836C1ECEE66D00705DB0 /* format.h */ = {isa = PBXFileReference; fileEncoding = 4; lastKnownFileType = sourcecode.c.h; path = format.h; sourceTree = "<group>"; };
		D65E836F1ECEE6FE00705DB0 /* attribute.h */ = {isa = PBXFileReference; lastKnownFileType = sourcecode.c.h; path = attribute.h; sourceTree = "<group>"; };
		D65E83701ECEEA2E00705DB0 /* fatal.cpp */ = {isa = PBXFileReference; fileEncoding = 4; lastKnownFileType = sourcecode.cpp.cpp; path = fatal.cpp; sourceTree = "<group>"; };
		D65E83711ECEEA2E00705DB0 /* fatal.h */ = {isa = PBXFileReference; fileEncoding = 4; lastKnownFileType = sourcecode.c.h; path = fatal.h; sourceTree = "<group>"; };
		D65E83741ECEEADE00705DB0 /* assert.cpp */ = {isa = PBXFileReference; fileEncoding = 4; lastKnownFileType = sourcecode.cpp.cpp; path = assert.cpp; sourceTree = "<group>"; };
		D65E83751ECEEADE00705DB0 /* assert.h */ = {isa = PBXFileReference; fileEncoding = 4; lastKnownFileType = sourcecode.c.h; path = assert.h; sourceTree = "<group>"; };
		D65E83781ECEEB2300705DB0 /* macro.h */ = {isa = PBXFileReference; lastKnownFileType = sourcecode.c.h; path = macro.h; sourceTree = "<group>"; };
		D65E837A1ECEF1CB00705DB0 /* error.h */ = {isa = PBXFileReference; fileEncoding = 4; lastKnownFileType = sourcecode.c.h; path = error.h; sourceTree = "<group>"; };
		D65E837D1ECEF1E400705DB0 /* ptr.h */ = {isa = PBXFileReference; lastKnownFileType = sourcecode.c.h; path = ptr.h; sourceTree = "<group>"; };
		D65E83801ECEF63C00705DB0 /* posix_error.cpp */ = {isa = PBXFileReference; fileEncoding = 4; lastKnownFileType = sourcecode.cpp.cpp; path = posix_error.cpp; sourceTree = "<group>"; };
		D65E83811ECEF63C00705DB0 /* posix_error.h */ = {isa = PBXFileReference; fileEncoding = 4; lastKnownFileType = sourcecode.c.h; path = posix_error.h; sourceTree = "<group>"; };
		D65E83841ECEF70A00705DB0 /* ptr_inline.h */ = {isa = PBXFileReference; lastKnownFileType = sourcecode.c.h; path = ptr_inline.h; sourceTree = "<group>"; };
		D65E83851ECEFB5600705DB0 /* generic_error.cpp */ = {isa = PBXFileReference; fileEncoding = 4; lastKnownFileType = sourcecode.cpp.cpp; path = generic_error.cpp; sourceTree = "<group>"; };
		D65E83861ECEFB5600705DB0 /* generic_error.h */ = {isa = PBXFileReference; fileEncoding = 4; lastKnownFileType = sourcecode.c.h; path = generic_error.h; sourceTree = "<group>"; };
		D65E83891ECEFCD700705DB0 /* data.cpp */ = {isa = PBXFileReference; fileEncoding = 4; lastKnownFileType = sourcecode.cpp.cpp; path = data.cpp; sourceTree = "<group>"; };
		D65E838A1ECEFCD700705DB0 /* data.h */ = {isa = PBXFileReference; fileEncoding = 4; lastKnownFileType = sourcecode.c.h; path = data.h; sourceTree = "<group>"; };
		D65E838D1ECEFFD900705DB0 /* array_macro.h */ = {isa = PBXFileReference; lastKnownFileType = sourcecode.c.h; path = array_macro.h; sourceTree = "<group>"; };
		D65E838E1ED012BB00705DB0 /* optional_inline.h */ = {isa = PBXFileReference; fileEncoding = 4; lastKnownFileType = sourcecode.c.h; path = optional_inline.h; sourceTree = "<group>"; };
		D65E838F1ED012BB00705DB0 /* optional.h */ = {isa = PBXFileReference; fileEncoding = 4; lastKnownFileType = sourcecode.c.h; path = optional.h; sourceTree = "<group>"; };
		D65E83921ED0133500705DB0 /* none.cpp */ = {isa = PBXFileReference; fileEncoding = 4; lastKnownFileType = sourcecode.cpp.cpp; path = none.cpp; sourceTree = "<group>"; };
		D65E83931ED0133500705DB0 /* none.h */ = {isa = PBXFileReference; fileEncoding = 4; lastKnownFileType = sourcecode.c.h; path = none.h; sourceTree = "<group>"; };
		D65E83961ED015C100705DB0 /* string_function.cpp */ = {isa = PBXFileReference; fileEncoding = 4; lastKnownFileType = sourcecode.cpp.cpp; path = string_function.cpp; sourceTree = "<group>"; };
		D65E83971ED015C100705DB0 /* string_function.h */ = {isa = PBXFileReference; fileEncoding = 4; lastKnownFileType = sourcecode.c.h; path = string_function.h; sourceTree = "<group>"; };
		D65E839A1ED2788200705DB0 /* result.cpp */ = {isa = PBXFileReference; fileEncoding = 4; lastKnownFileType = sourcecode.cpp.cpp; path = result.cpp; sourceTree = "<group>"; };
		D65E839B1ED2788200705DB0 /* result.h */ = {isa = PBXFileReference; fileEncoding = 4; lastKnownFileType = sourcecode.c.h; path = result.h; sourceTree = "<group>"; };
		D65E839E1ED278BA00705DB0 /* result_inline.h */ = {isa = PBXFileReference; lastKnownFileType = sourcecode.c.h; path = result_inline.h; sourceTree = "<group>"; };
		D65E839F1ED27F4E00705DB0 /* file_path.cpp */ = {isa = PBXFileReference; fileEncoding = 4; lastKnownFileType = sourcecode.cpp.cpp; path = file_path.cpp; sourceTree = "<group>"; };
		D65E83A01ED27F4E00705DB0 /* file_path.h */ = {isa = PBXFileReference; fileEncoding = 4; lastKnownFileType = sourcecode.c.h; path = file_path.h; sourceTree = "<group>"; };
		D65E83A31ED28FC800705DB0 /* defer.cpp */ = {isa = PBXFileReference; fileEncoding = 4; lastKnownFileType = sourcecode.cpp.cpp; path = defer.cpp; sourceTree = "<group>"; };
		D65E83A41ED28FC800705DB0 /* defer.h */ = {isa = PBXFileReference; fileEncoding = 4; lastKnownFileType = sourcecode.c.h; path = defer.h; sourceTree = "<group>"; };
		D65E83A71ED2902C00705DB0 /* unix_dependency.h */ = {isa = PBXFileReference; lastKnownFileType = sourcecode.c.h; path = unix_dependency.h; sourceTree = "<group>"; };
		D65E83A81ED29FF600705DB0 /* array_function.h */ = {isa = PBXFileReference; lastKnownFileType = sourcecode.c.h; path = array_function.h; sourceTree = "<group>"; };
		D65E83A91ED2A05000705DB0 /* array_function_inline.h */ = {isa = PBXFileReference; lastKnownFileType = sourcecode.c.h; path = array_function_inline.h; sourceTree = "<group>"; };
		D6695F551ED5417C0009FF3B /* string_windows.cpp */ = {isa = PBXFileReference; fileEncoding = 4; lastKnownFileType = sourcecode.cpp.cpp; path = string_windows.cpp; sourceTree = "<group>"; };
		D6695F561ED5417C0009FF3B /* string_windows.h */ = {isa = PBXFileReference; fileEncoding = 4; lastKnownFileType = sourcecode.c.h; path = string_windows.h; sourceTree = "<group>"; };
		D6695F591ED6CE8E0009FF3B /* win32_error.cpp */ = {isa = PBXFileReference; fileEncoding = 4; lastKnownFileType = sourcecode.cpp.cpp; path = win32_error.cpp; sourceTree = "<group>"; };
		D6695F5A1ED6CE8E0009FF3B /* win32_error.h */ = {isa = PBXFileReference; fileEncoding = 4; lastKnownFileType = sourcecode.c.h; path = win32_error.h; sourceTree = "<group>"; };
		D6695F5B1ED6CE8E0009FF3B /* windows_dependency.h */ = {isa = PBXFileReference; fileEncoding = 4; lastKnownFileType = sourcecode.c.h; path = windows_dependency.h; sourceTree = "<group>"; };
		D6E0AE9E1EF0D9AB001ABB2A /* function_trait.h */ = {isa = PBXFileReference; lastKnownFileType = sourcecode.c.h; path = function_trait.h; sourceTree = "<group>"; };
		D6E5AF241ED427E600718686 /* file_stream.cpp */ = {isa = PBXFileReference; fileEncoding = 4; lastKnownFileType = sourcecode.cpp.cpp; path = file_stream.cpp; sourceTree = "<group>"; };
		D6E5AF251ED427E600718686 /* file_stream.h */ = {isa = PBXFileReference; fileEncoding = 4; lastKnownFileType = sourcecode.c.h; path = file_stream.h; sourceTree = "<group>"; };
		D6F4FD1F1EEAA23F001CE2C0 /* try_macro.h */ = {isa = PBXFileReference; lastKnownFileType = sourcecode.c.h; path = try_macro.h; sourceTree = "<group>"; };
/* End PBXFileReference section */

/* Begin PBXFrameworksBuildPhase section */
		D65E83521ECEE11300705DB0 /* Frameworks */ = {
			isa = PBXFrameworksBuildPhase;
			buildActionMask = 2147483647;
			files = (
			);
			runOnlyForDeploymentPostprocessing = 0;
		};
/* End PBXFrameworksBuildPhase section */

/* Begin PBXGroup section */
		D65E834C1ECEE11300705DB0 = {
			isa = PBXGroup;
			children = (
				D65E83631ECEE39300705DB0 /* rhetoric */,
				D65E83561ECEE11300705DB0 /* Products */,
			);
			sourceTree = "<group>";
		};
		D65E83561ECEE11300705DB0 /* Products */ = {
			isa = PBXGroup;
			children = (
				D65E83551ECEE11300705DB0 /* librhetoric.a */,
			);
			name = Products;
			sourceTree = "<group>";
		};
		D65E83631ECEE39300705DB0 /* rhetoric */ = {
			isa = PBXGroup;
			children = (
				D65E83A81ED29FF600705DB0 /* array_function.h */,
				D65E83A91ED2A05000705DB0 /* array_function_inline.h */,
				D65E838D1ECEFFD900705DB0 /* array_macro.h */,
				D65E83741ECEEADE00705DB0 /* assert.cpp */,
				D65E83751ECEEADE00705DB0 /* assert.h */,
				D65E836F1ECEE6FE00705DB0 /* attribute.h */,
				D634F7491EE1752E00F8EFBD /* comparable_macro.h */,
				D65E83891ECEFCD700705DB0 /* data.cpp */,
				D65E838A1ECEFCD700705DB0 /* data.h */,
				D65E83A31ED28FC800705DB0 /* defer.cpp */,
				D65E83A41ED28FC800705DB0 /* defer.h */,
				D62AD00A1ED828C7009FF226 /* env.cpp */,
				D62AD00B1ED828C7009FF226 /* env.h */,
				D65E837A1ECEF1CB00705DB0 /* error.h */,
				D634F7481EE173CB00F8EFBD /* equatable_macro.h */,
				D65E83701ECEEA2E00705DB0 /* fatal.cpp */,
				D65E83711ECEEA2E00705DB0 /* fatal.h */,
				D65E839F1ED27F4E00705DB0 /* file_path.cpp */,
				D65E83A01ED27F4E00705DB0 /* file_path.h */,
				D6E5AF241ED427E600718686 /* file_stream.cpp */,
				D6E5AF251ED427E600718686 /* file_stream.h */,
				D65E836B1ECEE66D00705DB0 /* format.cpp */,
				D65E836C1ECEE66D00705DB0 /* format.h */,
				D6E0AE9E1EF0D9AB001ABB2A /* function_trait.h */,
				D65E83851ECEFB5600705DB0 /* generic_error.cpp */,
				D65E83861ECEFB5600705DB0 /* generic_error.h */,
				D645EE221EDEAA950082A84F /* macos_dependency.h */,
				D65E83781ECEEB2300705DB0 /* macro.h */,
				D65E83921ED0133500705DB0 /* none.cpp */,
				D65E83931ED0133500705DB0 /* none.h */,
				D65E838F1ED012BB00705DB0 /* optional.h */,
				D65E838E1ED012BB00705DB0 /* optional_inline.h */,
				D65E83651ECEE3FB00705DB0 /* platform.h */,
				D65E83801ECEF63C00705DB0 /* posix_error.cpp */,
				D65E83811ECEF63C00705DB0 /* posix_error.h */,
				D65E83661ECEE43D00705DB0 /* print.cpp */,
				D65E83671ECEE43D00705DB0 /* print.h */,
				D65E837D1ECEF1E400705DB0 /* ptr.h */,
				D65E83841ECEF70A00705DB0 /* ptr_inline.h */,
				D634F74A1EE6418300F8EFBD /* range.h */,
				D634F74B1EE6420000F8EFBD /* range_inline.h */,
				D65E839A1ED2788200705DB0 /* result.cpp */,
				D65E839B1ED2788200705DB0 /* result.h */,
				D65E839E1ED278BA00705DB0 /* result_inline.h */,
				D65E836A1ECEE4A700705DB0 /* rhetoric.h */,
				D65E83641ECEE3C800705DB0 /* std_dependency.h */,
				D65E83961ED015C100705DB0 /* string_function.cpp */,
				D65E83971ED015C100705DB0 /* string_function.h */,
				D645EE1E1EDEAA260082A84F /* string_macos.cpp */,
				D645EE1F1EDEAA260082A84F /* string_macos.h */,
				D645EE231EDEAB2A0082A84F /* string_macos.mm */,
				D6695F551ED5417C0009FF3B /* string_windows.cpp */,
				D6695F561ED5417C0009FF3B /* string_windows.h */,
				D6F4FD1F1EEAA23F001CE2C0 /* try_macro.h */,
				D65E83A71ED2902C00705DB0 /* unix_dependency.h */,
				D6695F591ED6CE8E0009FF3B /* win32_error.cpp */,
				D6695F5A1ED6CE8E0009FF3B /* win32_error.h */,
				D6695F5B1ED6CE8E0009FF3B /* windows_dependency.h */,
			);
			name = rhetoric;
			path = ../../src/rhetoric;
			sourceTree = "<group>";
		};
/* End PBXGroup section */

/* Begin PBXHeadersBuildPhase section */
		D65E83531ECEE11300705DB0 /* Headers */ = {
			isa = PBXHeadersBuildPhase;
			buildActionMask = 2147483647;
			files = (
				D65E83951ED0133500705DB0 /* none.h in Headers */,
				D65E83A21ED27F4E00705DB0 /* file_path.h in Headers */,
				D6695F581ED5417C0009FF3B /* string_windows.h in Headers */,
				D65E839D1ED2788200705DB0 /* result.h in Headers */,
				D65E83A61ED28FC800705DB0 /* defer.h in Headers */,
				D6E5AF271ED427E600718686 /* file_stream.h in Headers */,
				D65E83771ECEEADE00705DB0 /* assert.h in Headers */,
				D6695F5D1ED6CE8E0009FF3B /* win32_error.h in Headers */,
				D65E83731ECEEA2E00705DB0 /* fatal.h in Headers */,
				D62AD00D1ED828C7009FF226 /* env.h in Headers */,
				D65E83691ECEE43D00705DB0 /* print.h in Headers */,
				D65E83831ECEF63C00705DB0 /* posix_error.h in Headers */,
				D65E83911ED012BB00705DB0 /* optional.h in Headers */,
				D65E836E1ECEE66D00705DB0 /* format.h in Headers */,
				D65E837C1ECEF1CB00705DB0 /* error.h in Headers */,
				D65E838C1ECEFCD700705DB0 /* data.h in Headers */,
				D65E83991ED015C100705DB0 /* string_function.h in Headers */,
				D645EE211EDEAA260082A84F /* string_macos.h in Headers */,
				D65E83881ECEFB5600705DB0 /* generic_error.h in Headers */,
				D6695F5E1ED6CE8E0009FF3B /* windows_dependency.h in Headers */,
			);
			runOnlyForDeploymentPostprocessing = 0;
		};
/* End PBXHeadersBuildPhase section */

/* Begin PBXNativeTarget section */
		D65E83541ECEE11300705DB0 /* rhetoric */ = {
			isa = PBXNativeTarget;
			buildConfigurationList = D65E83601ECEE11300705DB0 /* Build configuration list for PBXNativeTarget "rhetoric" */;
			buildPhases = (
				D65E83511ECEE11300705DB0 /* Sources */,
				D65E83521ECEE11300705DB0 /* Frameworks */,
				D65E83531ECEE11300705DB0 /* Headers */,
			);
			buildRules = (
			);
			dependencies = (
			);
			name = rhetoric;
			productName = rhetoric;
			productReference = D65E83551ECEE11300705DB0 /* librhetoric.a */;
			productType = "com.apple.product-type.library.static";
		};
/* End PBXNativeTarget section */

/* Begin PBXProject section */
		D65E834D1ECEE11300705DB0 /* Project object */ = {
			isa = PBXProject;
			attributes = {
				LastUpgradeCheck = 0900;
				ORGANIZATIONNAME = omochimetaru.com;
				TargetAttributes = {
					D65E83541ECEE11300705DB0 = {
						CreatedOnToolsVersion = 8.3.2;
						ProvisioningStyle = Automatic;
					};
				};
			};
			buildConfigurationList = D65E83501ECEE11300705DB0 /* Build configuration list for PBXProject "rhetoric" */;
			compatibilityVersion = "Xcode 3.2";
			developmentRegion = English;
			hasScannedForEncodings = 0;
			knownRegions = (
				en,
			);
			mainGroup = D65E834C1ECEE11300705DB0;
			productRefGroup = D65E83561ECEE11300705DB0 /* Products */;
			projectDirPath = "";
			projectRoot = "";
			targets = (
				D65E83541ECEE11300705DB0 /* rhetoric */,
			);
		};
/* End PBXProject section */

/* Begin PBXSourcesBuildPhase section */
		D65E83511ECEE11300705DB0 /* Sources */ = {
			isa = PBXSourcesBuildPhase;
			buildActionMask = 2147483647;
			files = (
				D645EE241EDEAB2A0082A84F /* string_macos.mm in Sources */,
				D65E83A11ED27F4E00705DB0 /* file_path.cpp in Sources */,
				D62AD00C1ED828C7009FF226 /* env.cpp in Sources */,
				D65E83871ECEFB5600705DB0 /* generic_error.cpp in Sources */,
				D65E83721ECEEA2E00705DB0 /* fatal.cpp in Sources */,
				D65E83941ED0133500705DB0 /* none.cpp in Sources */,
				D65E83A51ED28FC800705DB0 /* defer.cpp in Sources */,
				D6695F571ED5417C0009FF3B /* string_windows.cpp in Sources */,
				D645EE251EDEAFD90082A84F /* string_macos.cpp in Sources */,
				D65E83761ECEEADE00705DB0 /* assert.cpp in Sources */,
				D65E839C1ED2788200705DB0 /* result.cpp in Sources */,
				D65E83821ECEF63C00705DB0 /* posix_error.cpp in Sources */,
				D6695F5C1ED6CE8E0009FF3B /* win32_error.cpp in Sources */,
				D65E836D1ECEE66D00705DB0 /* format.cpp in Sources */,
				D65E83981ED015C100705DB0 /* string_function.cpp in Sources */,
				D6E5AF261ED427E600718686 /* file_stream.cpp in Sources */,
				D65E838B1ECEFCD700705DB0 /* data.cpp in Sources */,
				D65E83681ECEE43D00705DB0 /* print.cpp in Sources */,
			);
			runOnlyForDeploymentPostprocessing = 0;
		};
/* End PBXSourcesBuildPhase section */

/* Begin XCBuildConfiguration section */
		D65E835E1ECEE11300705DB0 /* Debug */ = {
			isa = XCBuildConfiguration;
			buildSettings = {
				ALWAYS_SEARCH_USER_PATHS = NO;
				CLANG_ANALYZER_NONNULL = YES;
				CLANG_ANALYZER_NUMBER_OBJECT_CONVERSION = YES_AGGRESSIVE;
				CLANG_CXX_LANGUAGE_STANDARD = "gnu++0x";
				CLANG_CXX_LIBRARY = "libc++";
				CLANG_ENABLE_MODULES = YES;
				CLANG_ENABLE_OBJC_ARC = YES;
				CLANG_WARN_BLOCK_CAPTURE_AUTORELEASING = YES;
				CLANG_WARN_BOOL_CONVERSION = YES;
				CLANG_WARN_COMMA = YES;
				CLANG_WARN_CONSTANT_CONVERSION = YES;
				CLANG_WARN_DIRECT_OBJC_ISA_USAGE = YES_ERROR;
				CLANG_WARN_DOCUMENTATION_COMMENTS = YES;
				CLANG_WARN_EMPTY_BODY = YES;
				CLANG_WARN_ENUM_CONVERSION = YES;
				CLANG_WARN_INFINITE_RECURSION = YES;
				CLANG_WARN_INT_CONVERSION = YES;
				CLANG_WARN_NON_LITERAL_NULL_CONVERSION = YES;
				CLANG_WARN_OBJC_LITERAL_CONVERSION = YES;
				CLANG_WARN_OBJC_ROOT_CLASS = YES_ERROR;
				CLANG_WARN_RANGE_LOOP_ANALYSIS = YES;
				CLANG_WARN_STRICT_PROTOTYPES = YES;
				CLANG_WARN_SUSPICIOUS_MOVE = YES;
				CLANG_WARN_UNREACHABLE_CODE = YES;
				CLANG_WARN__DUPLICATE_METHOD_MATCH = YES;
				CODE_SIGN_IDENTITY = "-";
				COPY_PHASE_STRIP = NO;
				DEBUG_INFORMATION_FORMAT = dwarf;
				ENABLE_STRICT_OBJC_MSGSEND = YES;
				ENABLE_TESTABILITY = YES;
				GCC_C_LANGUAGE_STANDARD = gnu99;
				GCC_DYNAMIC_NO_PIC = NO;
				GCC_NO_COMMON_BLOCKS = YES;
				GCC_OPTIMIZATION_LEVEL = 0;
				GCC_PREPROCESSOR_DEFINITIONS = (
					"DEBUG=1",
					"$(inherited)",
				);
				GCC_WARN_64_TO_32_BIT_CONVERSION = YES;
				GCC_WARN_ABOUT_RETURN_TYPE = YES_ERROR;
				GCC_WARN_UNDECLARED_SELECTOR = YES;
				GCC_WARN_UNINITIALIZED_AUTOS = YES_AGGRESSIVE;
				GCC_WARN_UNUSED_FUNCTION = YES;
				GCC_WARN_UNUSED_VARIABLE = YES;
				MACOSX_DEPLOYMENT_TARGET = 10.12;
				MTL_ENABLE_DEBUG_INFO = YES;
				ONLY_ACTIVE_ARCH = YES;
				SDKROOT = macosx;
			};
			name = Debug;
		};
		D65E835F1ECEE11300705DB0 /* Release */ = {
			isa = XCBuildConfiguration;
			buildSettings = {
				ALWAYS_SEARCH_USER_PATHS = NO;
				CLANG_ANALYZER_NONNULL = YES;
				CLANG_ANALYZER_NUMBER_OBJECT_CONVERSION = YES_AGGRESSIVE;
				CLANG_CXX_LANGUAGE_STANDARD = "gnu++0x";
				CLANG_CXX_LIBRARY = "libc++";
				CLANG_ENABLE_MODULES = YES;
				CLANG_ENABLE_OBJC_ARC = YES;
				CLANG_WARN_BLOCK_CAPTURE_AUTORELEASING = YES;
				CLANG_WARN_BOOL_CONVERSION = YES;
				CLANG_WARN_COMMA = YES;
				CLANG_WARN_CONSTANT_CONVERSION = YES;
				CLANG_WARN_DIRECT_OBJC_ISA_USAGE = YES_ERROR;
				CLANG_WARN_DOCUMENTATION_COMMENTS = YES;
				CLANG_WARN_EMPTY_BODY = YES;
				CLANG_WARN_ENUM_CONVERSION = YES;
				CLANG_WARN_INFINITE_RECURSION = YES;
				CLANG_WARN_INT_CONVERSION = YES;
				CLANG_WARN_NON_LITERAL_NULL_CONVERSION = YES;
				CLANG_WARN_OBJC_LITERAL_CONVERSION = YES;
				CLANG_WARN_OBJC_ROOT_CLASS = YES_ERROR;
				CLANG_WARN_RANGE_LOOP_ANALYSIS = YES;
				CLANG_WARN_STRICT_PROTOTYPES = YES;
				CLANG_WARN_SUSPICIOUS_MOVE = YES;
				CLANG_WARN_UNREACHABLE_CODE = YES;
				CLANG_WARN__DUPLICATE_METHOD_MATCH = YES;
				CODE_SIGN_IDENTITY = "-";
				COPY_PHASE_STRIP = NO;
				DEBUG_INFORMATION_FORMAT = "dwarf-with-dsym";
				ENABLE_NS_ASSERTIONS = NO;
				ENABLE_STRICT_OBJC_MSGSEND = YES;
				GCC_C_LANGUAGE_STANDARD = gnu99;
				GCC_NO_COMMON_BLOCKS = YES;
				GCC_WARN_64_TO_32_BIT_CONVERSION = YES;
				GCC_WARN_ABOUT_RETURN_TYPE = YES_ERROR;
				GCC_WARN_UNDECLARED_SELECTOR = YES;
				GCC_WARN_UNINITIALIZED_AUTOS = YES_AGGRESSIVE;
				GCC_WARN_UNUSED_FUNCTION = YES;
				GCC_WARN_UNUSED_VARIABLE = YES;
				MACOSX_DEPLOYMENT_TARGET = 10.12;
				MTL_ENABLE_DEBUG_INFO = NO;
				SDKROOT = macosx;
			};
			name = Release;
		};
		D65E83611ECEE11300705DB0 /* Debug */ = {
			isa = XCBuildConfiguration;
			buildSettings = {
				CLANG_CXX_LANGUAGE_STANDARD = "gnu++14";
				EXECUTABLE_PREFIX = lib;
				GCC_ENABLE_CPP_EXCEPTIONS = YES;
				GCC_ENABLE_CPP_RTTI = YES;
				PRODUCT_NAME = "$(TARGET_NAME)";
				USE_HEADERMAP = NO;
			};
			name = Debug;
		};
		D65E83621ECEE11300705DB0 /* Release */ = {
			isa = XCBuildConfiguration;
			buildSettings = {
				CLANG_CXX_LANGUAGE_STANDARD = "gnu++14";
				EXECUTABLE_PREFIX = lib;
				GCC_ENABLE_CPP_EXCEPTIONS = YES;
				GCC_ENABLE_CPP_RTTI = YES;
				PRODUCT_NAME = "$(TARGET_NAME)";
				USE_HEADERMAP = NO;
			};
			name = Release;
		};
/* End XCBuildConfiguration section */

/* Begin XCConfigurationList section */
		D65E83501ECEE11300705DB0 /* Build configuration list for PBXProject "rhetoric" */ = {
			isa = XCConfigurationList;
			buildConfigurations = (
				D65E835E1ECEE11300705DB0 /* Debug */,
				D65E835F1ECEE11300705DB0 /* Release */,
			);
			defaultConfigurationIsVisible = 0;
			defaultConfigurationName = Release;
		};
		D65E83601ECEE11300705DB0 /* Build configuration list for PBXNativeTarget "rhetoric" */ = {
			isa = XCConfigurationList;
			buildConfigurations = (
				D65E83611ECEE11300705DB0 /* Debug */,
				D65E83621ECEE11300705DB0 /* Release */,
			);
			defaultConfigurationIsVisible = 0;
			defaultConfigurationName = Release;
		};
/* End XCConfigurationList section */
	};
	rootObject = D65E834D1ECEE11300705DB0 /* Project object */;
}
