<?xml version="1.0" encoding="utf-8"?>
<Project ToolsVersion="4.0" xmlns="http://schemas.microsoft.com/developer/msbuild/2003">
  <ItemGroup>
    <Filter Include="rhetoric">
      <UniqueIdentifier>{1b4bc9f3-dda4-4d4f-baf4-29e1455b3f7d}</UniqueIdentifier>
    </Filter>
  </ItemGroup>
  <ItemGroup>
    <ClInclude Include="..\..\..\..\src\rhetoric\accessor_macro.h">
      <Filter>rhetoric</Filter>
    </ClInclude>
    <ClInclude Include="..\..\..\..\src\rhetoric\array_function.h">
      <Filter>rhetoric</Filter>
    </ClInclude>
    <ClInclude Include="..\..\..\..\src\rhetoric\array_function_inline.h">
      <Filter>rhetoric</Filter>
    </ClInclude>
    <ClInclude Include="..\..\..\..\src\rhetoric\array_macro.h">
      <Filter>rhetoric</Filter>
    </ClInclude>
    <ClInclude Include="..\..\..\..\src\rhetoric\assert.h">
      <Filter>rhetoric</Filter>
    </ClInclude>
    <ClInclude Include="..\..\..\..\src\rhetoric\attribute.h">
      <Filter>rhetoric</Filter>
    </ClInclude>
    <ClInclude Include="..\..\..\..\src\rhetoric\comparable_macro.h">
      <Filter>rhetoric</Filter>
    </ClInclude>
    <ClInclude Include="..\..\..\..\src\rhetoric\data.h">
      <Filter>rhetoric</Filter>
    </ClInclude>
    <ClInclude Include="..\..\..\..\src\rhetoric\defer.h">
      <Filter>rhetoric</Filter>
    </ClInclude>
    <ClInclude Include="..\..\..\..\src\rhetoric\env.h">
      <Filter>rhetoric</Filter>
    </ClInclude>
    <ClInclude Include="..\..\..\..\src\rhetoric\equatable_macro.h">
      <Filter>rhetoric</Filter>
    </ClInclude>
    <ClInclude Include="..\..\..\..\src\rhetoric\error.h">
      <Filter>rhetoric</Filter>
    </ClInclude>
    <ClInclude Include="..\..\..\..\src\rhetoric\fatal.h">
      <Filter>rhetoric</Filter>
    </ClInclude>
    <ClInclude Include="..\..\..\..\src\rhetoric\file_path.h">
      <Filter>rhetoric</Filter>
    </ClInclude>
    <ClInclude Include="..\..\..\..\src\rhetoric\file_stream.h">
      <Filter>rhetoric</Filter>
    </ClInclude>
    <ClInclude Include="..\..\..\..\src\rhetoric\format.h">
      <Filter>rhetoric</Filter>
    </ClInclude>
    <ClInclude Include="..\..\..\..\src\rhetoric\generic_error.h">
      <Filter>rhetoric</Filter>
    </ClInclude>
    <ClInclude Include="..\..\..\..\src\rhetoric\macos_dependency.h">
      <Filter>rhetoric</Filter>
    </ClInclude>
    <ClInclude Include="..\..\..\..\src\rhetoric\macro.h">
      <Filter>rhetoric</Filter>
    </ClInclude>
    <ClInclude Include="..\..\..\..\src\rhetoric\none.h">
      <Filter>rhetoric</Filter>
    </ClInclude>
    <ClInclude Include="..\..\..\..\src\rhetoric\optional.h">
      <Filter>rhetoric</Filter>
    </ClInclude>
    <ClInclude Include="..\..\..\..\src\rhetoric\optional_inline.h">
      <Filter>rhetoric</Filter>
    </ClInclude>
    <ClInclude Include="..\..\..\..\src\rhetoric\platform.h">
      <Filter>rhetoric</Filter>
    </ClInclude>
    <ClInclude Include="..\..\..\..\src\rhetoric\posix_error.h">
      <Filter>rhetoric</Filter>
    </ClInclude>
    <ClInclude Include="..\..\..\..\src\rhetoric\print.h">
      <Filter>rhetoric</Filter>
    </ClInclude>
    <ClInclude Include="..\..\..\..\src\rhetoric\ptr.h">
      <Filter>rhetoric</Filter>
    </ClInclude>
    <ClInclude Include="..\..\..\..\src\rhetoric\ptr_inline.h">
      <Filter>rhetoric</Filter>
    </ClInclude>
    <ClInclude Include="..\..\..\..\src\rhetoric\range.h">
      <Filter>rhetoric</Filter>
    </ClInclude>
    <ClInclude Include="..\..\..\..\src\rhetoric\range_inline.h">
      <Filter>rhetoric</Filter>
    </ClInclude>
    <ClInclude Include="..\..\..\..\src\rhetoric\result.h">
      <Filter>rhetoric</Filter>
    </ClInclude>
    <ClInclude Include="..\..\..\..\src\rhetoric\result_inline.h">
      <Filter>rhetoric</Filter>
    </ClInclude>
    <ClInclude Include="..\..\..\..\src\rhetoric\rhetoric.h">
      <Filter>rhetoric</Filter>
    </ClInclude>
    <ClInclude Include="..\..\..\..\src\rhetoric\std_dependency.h">
      <Filter>rhetoric</Filter>
    </ClInclude>
    <ClInclude Include="..\..\..\..\src\rhetoric\string_function.h">
      <Filter>rhetoric</Filter>
    </ClInclude>
    <ClInclude Include="..\..\..\..\src\rhetoric\string_macos.h">
      <Filter>rhetoric</Filter>
    </ClInclude>
    <ClInclude Include="..\..\..\..\src\rhetoric\string_windows.h">
      <Filter>rhetoric</Filter>
    </ClInclude>
    <ClInclude Include="..\..\..\..\src\rhetoric\try_macro.h">
      <Filter>rhetoric</Filter>
    </ClInclude>
    <ClInclude Include="..\..\..\..\src\rhetoric\unix_dependency.h">
      <Filter>rhetoric</Filter>
    </ClInclude>
    <ClInclude Include="..\..\..\..\src\rhetoric\win32_error.h">
      <Filter>rhetoric</Filter>
    </ClInclude>
    <ClInclude Include="..\..\..\..\src\rhetoric\windows_dependency.h">
      <Filter>rhetoric</Filter>
    </ClInclude>
    <ClInclude Include="..\..\..\..\src\rhetoric\range_iterator_inline.h">
      <Filter>rhetoric</Filter>
    </ClInclude>
  </ItemGroup>
  <ItemGroup>
    <ClCompile Include="..\..\..\..\src\rhetoric\assert.cpp">
      <Filter>rhetoric</Filter>
    </ClCompile>
    <ClCompile Include="..\..\..\..\src\rhetoric\data.cpp">
      <Filter>rhetoric</Filter>
    </ClCompile>
    <ClCompile Include="..\..\..\..\src\rhetoric\defer.cpp">
      <Filter>rhetoric</Filter>
    </ClCompile>
    <ClCompile Include="..\..\..\..\src\rhetoric\env.cpp">
      <Filter>rhetoric</Filter>
    </ClCompile>
    <ClCompile Include="..\..\..\..\src\rhetoric\fatal.cpp">
      <Filter>rhetoric</Filter>
    </ClCompile>
    <ClCompile Include="..\..\..\..\src\rhetoric\file_path.cpp">
      <Filter>rhetoric</Filter>
    </ClCompile>
    <ClCompile Include="..\..\..\..\src\rhetoric\file_stream.cpp">
      <Filter>rhetoric</Filter>
    </ClCompile>
    <ClCompile Include="..\..\..\..\src\rhetoric\format.cpp">
      <Filter>rhetoric</Filter>
    </ClCompile>
    <ClCompile Include="..\..\..\..\src\rhetoric\generic_error.cpp">
      <Filter>rhetoric</Filter>
    </ClCompile>
    <ClCompile Include="..\..\..\..\src\rhetoric\none.cpp">
      <Filter>rhetoric</Filter>
    </ClCompile>
    <ClCompile Include="..\..\..\..\src\rhetoric\posix_error.cpp">
      <Filter>rhetoric</Filter>
    </ClCompile>
    <ClCompile Include="..\..\..\..\src\rhetoric\print.cpp">
      <Filter>rhetoric</Filter>
    </ClCompile>
    <ClCompile Include="..\..\..\..\src\rhetoric\result.cpp">
      <Filter>rhetoric</Filter>
    </ClCompile>
    <ClCompile Include="..\..\..\..\src\rhetoric\string_function.cpp">
      <Filter>rhetoric</Filter>
    </ClCompile>
    <ClCompile Include="..\..\..\..\src\rhetoric\string_macos.cpp">
      <Filter>rhetoric</Filter>
    </ClCompile>
    <ClCompile Include="..\..\..\..\src\rhetoric\string_windows.cpp">
      <Filter>rhetoric</Filter>
    </ClCompile>
    <ClCompile Include="..\..\..\..\src\rhetoric\win32_error.cpp">
      <Filter>rhetoric</Filter>
    </ClCompile>
    <ClCompile Include="..\..\..\..\src\rhetoric\range_iterator.h">
      <Filter>rhetoric</Filter>
    </ClCompile>
  </ItemGroup>
</Project>